
Microsoft Visual Studio Solution File, Format Version 12.00
# Visual Studio Version 17
VisualStudioVersion = 17.4.33205.214
MinimumVisualStudioVersion = 10.0.40219.1
Project("{9A19103F-16F7-4668-BE54-9A1E7A4F7556}") = "BusinessObjects", "BusinessObjects\BusinessObjects.csproj", "{FF42FCA0-4D1D-4DAF-A522-D99FED3DE176}"
EndProject
Project("{9A19103F-16F7-4668-BE54-9A1E7A4F7556}") = "Repositories", "Repositories\Repositories.csproj", "{E81303B7-AEFC-48F8-B338-8ADBE0AA0CF9}"
EndProject
Project("{9A19103F-16F7-4668-BE54-9A1E7A4F7556}") = "DataAccess", "DataAccess\DataAccess.csproj", "{EE13DE4D-437E-4F62-A40E-696D3D156461}"
EndProject
Project("{9A19103F-16F7-4668-BE54-9A1E7A4F7556}") = "WebAPI", "WebAPI\WebAPI.csproj", "{2B2A4622-33CD-42A7-9101-9547A3EDC7DA}"
EndProject
Project("{FAE04EC0-301F-11D3-BF4B-00C04F79EFBC}") = "WebApp", "WebApp\WebApp.csproj", "{F36BA719-6FD8-49E7-BE9B-8343D8CCB8FB}"
EndProject
Global
	GlobalSection(SolutionConfigurationPlatforms) = preSolution
		Debug|Any CPU = Debug|Any CPU
		Release|Any CPU = Release|Any CPU
	EndGlobalSection
	GlobalSection(ProjectConfigurationPlatforms) = postSolution
		{FF42FCA0-4D1D-4DAF-A522-D99FED3DE176}.Debug|Any CPU.ActiveCfg = Debug|Any CPU
		{FF42FCA0-4D1D-4DAF-A522-D99FED3DE176}.Debug|Any CPU.Build.0 = Debug|Any CPU
		{FF42FCA0-4D1D-4DAF-A522-D99FED3DE176}.Release|Any CPU.ActiveCfg = Release|Any CPU
		{FF42FCA0-4D1D-4DAF-A522-D99FED3DE176}.Release|Any CPU.Build.0 = Release|Any CPU
		{E81303B7-AEFC-48F8-B338-8ADBE0AA0CF9}.Debug|Any CPU.ActiveCfg = Debug|Any CPU
		{E81303B7-AEFC-48F8-B338-8ADBE0AA0CF9}.Debug|Any CPU.Build.0 = Debug|Any CPU
		{E81303B7-AEFC-48F8-B338-8ADBE0AA0CF9}.Release|Any CPU.ActiveCfg = Release|Any CPU
		{E81303B7-AEFC-48F8-B338-8ADBE0AA0CF9}.Release|Any CPU.Build.0 = Release|Any CPU
		{EE13DE4D-437E-4F62-A40E-696D3D156461}.Debug|Any CPU.ActiveCfg = Debug|Any CPU
		{EE13DE4D-437E-4F62-A40E-696D3D156461}.Debug|Any CPU.Build.0 = Debug|Any CPU
		{EE13DE4D-437E-4F62-A40E-696D3D156461}.Release|Any CPU.ActiveCfg = Release|Any CPU
		{EE13DE4D-437E-4F62-A40E-696D3D156461}.Release|Any CPU.Build.0 = Release|Any CPU
		{2B2A4622-33CD-42A7-9101-9547A3EDC7DA}.Debug|Any CPU.ActiveCfg = Debug|Any CPU
		{2B2A4622-33CD-42A7-9101-9547A3EDC7DA}.Debug|Any CPU.Build.0 = Debug|Any CPU
		{2B2A4622-33CD-42A7-9101-9547A3EDC7DA}.Release|Any CPU.ActiveCfg = Release|Any CPU
		{2B2A4622-33CD-42A7-9101-9547A3EDC7DA}.Release|Any CPU.Build.0 = Release|Any CPU
		{F36BA719-6FD8-49E7-BE9B-8343D8CCB8FB}.Debug|Any CPU.ActiveCfg = Debug|Any CPU
		{F36BA719-6FD8-49E7-BE9B-8343D8CCB8FB}.Debug|Any CPU.Build.0 = Debug|Any CPU
		{F36BA719-6FD8-49E7-BE9B-8343D8CCB8FB}.Release|Any CPU.ActiveCfg = Release|Any CPU
		{F36BA719-6FD8-49E7-BE9B-8343D8CCB8FB}.Release|Any CPU.Build.0 = Release|Any CPU
	EndGlobalSection
	GlobalSection(SolutionProperties) = preSolution
		HideSolutionNode = FALSE
	EndGlobalSection
	GlobalSection(ExtensibilityGlobals) = postSolution
		SolutionGuid = {F73F7C83-1DBF-4697-B831-B62441DD3680}
	EndGlobalSection
EndGlobal
